
Microsoft Visual Studio Solution File, Format Version 12.00
# Visual Studio Version 16
VisualStudioVersion = 16.0.32413.511
MinimumVisualStudioVersion = 10.0.40219.1
Project("{9A19103F-16F7-4668-BE54-9A1E7A4F7556}") = "OPC UA Client Free", "OPC UA Client Free\OPC UA Client Free.csproj", "{F406A92C-4B04-401A-97F1-61E695F2259E}"
EndProject
Project("{9A19103F-16F7-4668-BE54-9A1E7A4F7556}") = "RobotecExample1", "RobotecExample1\RobotecExample1.csproj", "{88CB8CC0-43C2-4262-9B3A-9FE2B5FF6C44}"
EndProject
Project("{FAE04EC0-301F-11D3-BF4B-00C04F79EFBC}") = "RobotecLibrary", "RobotecLibrary\RobotecLibrary.csproj", "{9299F13B-6DF0-4370-B696-E82F0E7753E6}"
EndProject
Global
	GlobalSection(SolutionConfigurationPlatforms) = preSolution
		Debug|Any CPU = Debug|Any CPU
		Release|Any CPU = Release|Any CPU
	EndGlobalSection
	GlobalSection(ProjectConfigurationPlatforms) = postSolution
		{F406A92C-4B04-401A-97F1-61E695F2259E}.Debug|Any CPU.ActiveCfg = Debug|Any CPU
		{F406A92C-4B04-401A-97F1-61E695F2259E}.Debug|Any CPU.Build.0 = Debug|Any CPU
		{F406A92C-4B04-401A-97F1-61E695F2259E}.Release|Any CPU.ActiveCfg = Release|Any CPU
		{F406A92C-4B04-401A-97F1-61E695F2259E}.Release|Any CPU.Build.0 = Release|Any CPU
		{88CB8CC0-43C2-4262-9B3A-9FE2B5FF6C44}.Debug|Any CPU.ActiveCfg = Debug|Any CPU
		{88CB8CC0-43C2-4262-9B3A-9FE2B5FF6C44}.Debug|Any CPU.Build.0 = Debug|Any CPU
		{88CB8CC0-43C2-4262-9B3A-9FE2B5FF6C44}.Release|Any CPU.ActiveCfg = Release|Any CPU
		{88CB8CC0-43C2-4262-9B3A-9FE2B5FF6C44}.Release|Any CPU.Build.0 = Release|Any CPU
		{9299F13B-6DF0-4370-B696-E82F0E7753E6}.Debug|Any CPU.ActiveCfg = Debug|Any CPU
		{9299F13B-6DF0-4370-B696-E82F0E7753E6}.Debug|Any CPU.Build.0 = Debug|Any CPU
		{9299F13B-6DF0-4370-B696-E82F0E7753E6}.Release|Any CPU.ActiveCfg = Release|Any CPU
		{9299F13B-6DF0-4370-B696-E82F0E7753E6}.Release|Any CPU.Build.0 = Release|Any CPU
	EndGlobalSection
	GlobalSection(SolutionProperties) = preSolution
		HideSolutionNode = FALSE
	EndGlobalSection
	GlobalSection(ExtensibilityGlobals) = postSolution
		SolutionGuid = {211A34DF-E975-4A4A-911E-A362F02606F6}
	EndGlobalSection
EndGlobal
