
Microsoft Visual Studio Solution File, Format Version 12.00
# Visual Studio Version 16
VisualStudioVersion = 16.0.32413.511
MinimumVisualStudioVersion = 10.0.40219.1
Project("{FAE04EC0-301F-11D3-BF4B-00C04F79EFBC}") = "OPCUAfxExample", "OPCUAfxExample\OPCUAfxExample.csproj", "{7866DA1A-3154-4742-ACE5-6621D74C7BAF}"
EndProject
Project("{FAE04EC0-301F-11D3-BF4B-00C04F79EFBC}") = "RobotecOPC_Client", "RobotecOPC_Client\RobotecOPC_Client.csproj", "{48974982-634B-4782-8DD5-5DE6689C628A}"
EndProject
Global
	GlobalSection(SolutionConfigurationPlatforms) = preSolution
		Debug|Any CPU = Debug|Any CPU
		Release|Any CPU = Release|Any CPU
	EndGlobalSection
	GlobalSection(ProjectConfigurationPlatforms) = postSolution
		{7866DA1A-3154-4742-ACE5-6621D74C7BAF}.Debug|Any CPU.ActiveCfg = Debug|Any CPU
		{7866DA1A-3154-4742-ACE5-6621D74C7BAF}.Debug|Any CPU.Build.0 = Debug|Any CPU
		{7866DA1A-3154-4742-ACE5-6621D74C7BAF}.Release|Any CPU.ActiveCfg = Release|Any CPU
		{7866DA1A-3154-4742-ACE5-6621D74C7BAF}.Release|Any CPU.Build.0 = Release|Any CPU
		{48974982-634B-4782-8DD5-5DE6689C628A}.Debug|Any CPU.ActiveCfg = Debug|Any CPU
		{48974982-634B-4782-8DD5-5DE6689C628A}.Debug|Any CPU.Build.0 = Debug|Any CPU
		{48974982-634B-4782-8DD5-5DE6689C628A}.Release|Any CPU.ActiveCfg = Release|Any CPU
		{48974982-634B-4782-8DD5-5DE6689C628A}.Release|Any CPU.Build.0 = Release|Any CPU
	EndGlobalSection
	GlobalSection(SolutionProperties) = preSolution
		HideSolutionNode = FALSE
	EndGlobalSection
	GlobalSection(ExtensibilityGlobals) = postSolution
		SolutionGuid = {211A34DF-E975-4A4A-911E-A362F02606F6}
	EndGlobalSection
EndGlobal
